
Microsoft Visual Studio Solution File, Format Version 12.00
# Visual Studio 14
VisualStudioVersion = 14.0.25420.1
MinimumVisualStudioVersion = 10.0.40219.1
Project("{FAE04EC0-301F-11D3-BF4B-00C04F79EFBC}") = "CSharpToolkit", "CSharpToolkit\CSharpToolkit.csproj", "{D7323CD4-E917-4ADF-BBF1-B3593FCDB3BA}"
EndProject
Project("{FAE04EC0-301F-11D3-BF4B-00C04F79EFBC}") = "CSharpToolkitTester", "CSharpToolkitTester\CSharpToolkitTester.csproj", "{6CFDD97B-E776-4AD4-B319-C638725A2DD0}"
EndProject
Global
	GlobalSection(SolutionConfigurationPlatforms) = preSolution
		Debug|Any CPU = Debug|Any CPU
		Release|Any CPU = Release|Any CPU
	EndGlobalSection
	GlobalSection(ProjectConfigurationPlatforms) = postSolution
		{D7323CD4-E917-4ADF-BBF1-B3593FCDB3BA}.Debug|Any CPU.ActiveCfg = Debug|Any CPU
		{D7323CD4-E917-4ADF-BBF1-B3593FCDB3BA}.Debug|Any CPU.Build.0 = Debug|Any CPU
		{D7323CD4-E917-4ADF-BBF1-B3593FCDB3BA}.Release|Any CPU.ActiveCfg = Release|Any CPU
		{D7323CD4-E917-4ADF-BBF1-B3593FCDB3BA}.Release|Any CPU.Build.0 = Release|Any CPU
		{6CFDD97B-E776-4AD4-B319-C638725A2DD0}.Debug|Any CPU.ActiveCfg = Debug|Any CPU
		{6CFDD97B-E776-4AD4-B319-C638725A2DD0}.Debug|Any CPU.Build.0 = Debug|Any CPU
		{6CFDD97B-E776-4AD4-B319-C638725A2DD0}.Release|Any CPU.ActiveCfg = Release|Any CPU
		{6CFDD97B-E776-4AD4-B319-C638725A2DD0}.Release|Any CPU.Build.0 = Release|Any CPU
	EndGlobalSection
	GlobalSection(SolutionProperties) = preSolution
		HideSolutionNode = FALSE
	EndGlobalSection
	GlobalSection(TeamFoundationVersionControl) = preSolution
		SccNumberOfProjects = 3
		SccEnterpriseProvider = {4CA58AB2-18FA-4F8D-95D4-32DDF27D184C}
		SccTeamFoundationServer = http://daitracker3:8080/tfs/datscollection
		SccLocalPath0 = .
		SccProjectUniqueName1 = CSharpToolkit\\CSharpToolkit.csproj
		SccProjectName1 = CSharpToolkit
		SccLocalPath1 = CSharpToolkit
		SccProjectUniqueName2 = CSharpToolkitTester\\CSharpToolkitTester.csproj
		SccProjectName2 = CSharpToolkitTester
		SccLocalPath2 = CSharpToolkitTester
	EndGlobalSection
EndGlobal
